<?xml version="1.0" encoding="utf-8"?>
<Project ToolsVersion="4.0" xmlns="http://schemas.microsoft.com/developer/msbuild/2003">
  <ItemGroup>
    <Filter Include="ソース ファイル">
      <UniqueIdentifier>{4FC737F1-C7A5-4376-A066-2A32D752A2FF}</UniqueIdentifier>
      <Extensions>cpp;c;cc;cxx;c++;cppm;ixx;def;odl;idl;hpj;bat;asm;asmx</Extensions>
    </Filter>
    <Filter Include="ヘッダー ファイル">
      <UniqueIdentifier>{93995380-89BD-4b04-88EB-625FBE52EBFB}</UniqueIdentifier>
      <Extensions>h;hh;hpp;hxx;h++;hm;inl;inc;ipp;xsd</Extensions>
    </Filter>
    <Filter Include="リソース ファイル">
      <UniqueIdentifier>{67DA6AB6-F800-4c08-8B7A-83BB121AAD01}</UniqueIdentifier>
      <Extensions>rc;ico;cur;bmp;dlg;rc2;rct;bin;rgs;gif;jpg;jpeg;jpe;resx;tiff;tif;png;wav;mfcribbon-ms</Extensions>
    </Filter>
    <Filter Include="シェーダーファイル">
      <UniqueIdentifier>{a662bb68-4ab4-4dcc-b384-6b1dbbf49606}</UniqueIdentifier>
    </Filter>
    <Filter Include="コンピュートシェーダファイル">
      <UniqueIdentifier>{cda53149-385f-4084-8dc3-694d50838a9b}</UniqueIdentifier>
    </Filter>
  </ItemGroup>
  <ItemGroup>
    <ClCompile Include="src\main.cpp">
      <Filter>ソース ファイル</Filter>
    </ClCompile>
    <ClCompile Include="src\core\errorcheck.cpp">
      <Filter>ソース ファイル</Filter>
    </ClCompile>
    <ClCompile Include="src\core\Object.cpp">
      <Filter>ソース ファイル</Filter>
    </ClCompile>
    <ClCompile Include="src\core\shader.cpp">
      <Filter>ソース ファイル</Filter>
    </ClCompile>
    <ClCompile Include="ImGui\imgui.cpp">
      <Filter>ソース ファイル</Filter>
    </ClCompile>
    <ClCompile Include="ImGui\imgui_draw.cpp">
      <Filter>ソース ファイル</Filter>
    </ClCompile>
    <ClCompile Include="ImGui\imgui_impl_glfw.cpp">
      <Filter>ソース ファイル</Filter>
    </ClCompile>
    <ClCompile Include="ImGui\imgui_impl_opengl3.cpp">
      <Filter>ソース ファイル</Filter>
    </ClCompile>
    <ClCompile Include="ImGui\imgui_tables.cpp">
      <Filter>ソース ファイル</Filter>
    </ClCompile>
    <ClCompile Include="ImGui\imgui_widgets.cpp">
      <Filter>ソース ファイル</Filter>
    </ClCompile>
    <ClCompile Include="src\mpm\mpmObject.cpp">
      <Filter>ソース ファイル</Filter>
    </ClCompile>
  </ItemGroup>
  <ItemGroup>
    <None Include="packages.config" />
    <None Include="src\render\point.frag">
      <Filter>シェーダーファイル</Filter>
    </None>
    <None Include="src\render\point.vert">
      <Filter>シェーダーファイル</Filter>
    </None>
    <None Include="legacy\setup.comp">
      <Filter>コンピュートシェーダファイル</Filter>
    </None>
    <None Include="legacy\update.comp">
      <Filter>コンピュートシェーダファイル</Filter>
    </None>
    <None Include="legacy\collide.comp">
      <Filter>コンピュートシェーダファイル</Filter>
    </None>
    <None Include="src\mpm\shaders\mpm_setup.comp">
      <Filter>コンピュートシェーダファイル</Filter>
    </None>
    <None Include="src\mpm\shaders\mpm_p2g.comp">
      <Filter>コンピュートシェーダファイル</Filter>
    </None>
    <None Include="src\mpm\shaders\mpm_grid.comp">
      <Filter>コンピュートシェーダファイル</Filter>
    </None>
    <None Include="src\mpm\shaders\mpm_g2p.comp">
      <Filter>コンピュートシェーダファイル</Filter>
    </None>
    <None Include="src\mpm\shaders\mpm_move.comp">
      <Filter>コンピュートシェーダファイル</Filter>
    </None>
  </ItemGroup>
  <ItemGroup>
    <ClInclude Include="src\core\errorcheck.h">
      <Filter>ヘッダー ファイル</Filter>
    </ClInclude>
    <ClInclude Include="src\core\Window.h">
      <Filter>ヘッダー ファイル</Filter>
    </ClInclude>
    <ClInclude Include="src\core\Object.h">
      <Filter>ヘッダー ファイル</Filter>
    </ClInclude>
    <ClInclude Include="src\core\shader.h">
      <Filter>ヘッダー ファイル</Filter>
    </ClInclude>
    <ClInclude Include="src\mpm\mpmObject.h">
      <Filter>ヘッダー ファイル</Filter>
    </ClInclude>
  </ItemGroup>
</Project>